
Microsoft Visual Studio Solution File, Format Version 12.00
# Visual Studio Version 17
VisualStudioVersion = 17.11.35303.130
MinimumVisualStudioVersion = 10.0.40219.1
Project("{FAE04EC0-301F-11D3-BF4B-00C04F79EFBC}") = "kajak-kenuKolcsonzo", "kajak-kenuKolcsonzo\kajak-kenuKolcsonzo.csproj", "{C264C671-36ED-42E7-B19B-DCD9AFE4C3DB}"
EndProject
Global
	GlobalSection(SolutionConfigurationPlatforms) = preSolution
		Debug|Any CPU = Debug|Any CPU
		Release|Any CPU = Release|Any CPU
	EndGlobalSection
	GlobalSection(ProjectConfigurationPlatforms) = postSolution
		{C264C671-36ED-42E7-B19B-DCD9AFE4C3DB}.Debug|Any CPU.ActiveCfg = Debug|Any CPU
		{C264C671-36ED-42E7-B19B-DCD9AFE4C3DB}.Debug|Any CPU.Build.0 = Debug|Any CPU
		{C264C671-36ED-42E7-B19B-DCD9AFE4C3DB}.Release|Any CPU.ActiveCfg = Release|Any CPU
		{C264C671-36ED-42E7-B19B-DCD9AFE4C3DB}.Release|Any CPU.Build.0 = Release|Any CPU
	EndGlobalSection
	GlobalSection(SolutionProperties) = preSolution
		HideSolutionNode = FALSE
	EndGlobalSection
	GlobalSection(ExtensibilityGlobals) = postSolution
		SolutionGuid = {2CEEC339-797D-4131-9773-628F97AE1A8A}
	EndGlobalSection
EndGlobal
